
Microsoft Visual Studio Solution File, Format Version 12.00
# Visual Studio Version 16
VisualStudioVersion = 16.0.31321.278
MinimumVisualStudioVersion = 10.0.40219.1
Project("{FAE04EC0-301F-11D3-BF4B-00C04F79EFBC}") = "TodoAppServer", "TodoAppServer\TodoAppServer.csproj", "{3D4EF13B-3137-4327-ADF4-F75A0A186006}"
EndProject
Global
	GlobalSection(SolutionConfigurationPlatforms) = preSolution
		Debug|Any CPU = Debug|Any CPU
		Release|Any CPU = Release|Any CPU
	EndGlobalSection
	GlobalSection(ProjectConfigurationPlatforms) = postSolution
		{3D4EF13B-3137-4327-ADF4-F75A0A186006}.Debug|Any CPU.ActiveCfg = Debug|Any CPU
		{3D4EF13B-3137-4327-ADF4-F75A0A186006}.Debug|Any CPU.Build.0 = Debug|Any CPU
		{3D4EF13B-3137-4327-ADF4-F75A0A186006}.Release|Any CPU.ActiveCfg = Release|Any CPU
		{3D4EF13B-3137-4327-ADF4-F75A0A186006}.Release|Any CPU.Build.0 = Release|Any CPU
	EndGlobalSection
	GlobalSection(SolutionProperties) = preSolution
		HideSolutionNode = FALSE
	EndGlobalSection
	GlobalSection(ExtensibilityGlobals) = postSolution
		SolutionGuid = {801FB11B-ED27-4489-A99C-D3DC9EA0B5F9}
	EndGlobalSection
EndGlobal
